[[package]]
category = "main"
description = "Generated openapi models for Argo objects."
name = "argo-models"
optional = false
python-versions = ">=2.7, >=3.4"
version = "2.2.1a0"

[package.dependencies]
kubernetes = "*"

[[package]]
category = "main"
description = "Classes Without Boilerplate"
name = "attrs"
optional = false
python-versions = ">=2.7, !=3.0.*, !=3.1.*, !=3.2.*, !=3.3.*"
version = "19.3.0"

[package.extras]
azure-pipelines = ["coverage", "hypothesis", "pympler", "pytest (>=4.3.0)", "six", "zope.interface", "pytest-azurepipelines"]
dev = ["coverage", "hypothesis", "pympler", "pytest (>=4.3.0)", "six", "zope.interface", "sphinx", "pre-commit"]
docs = ["sphinx", "zope.interface"]
tests = ["coverage", "hypothesis", "pympler", "pytest (>=4.3.0)", "six", "zope.interface"]

[[package]]
category = "main"
description = "Extensible memoizing collections and decorators"
name = "cachetools"
optional = false
python-versions = "*"
version = "3.1.1"

[[package]]
category = "main"
description = "Python package for providing Mozilla's CA Bundle."
name = "certifi"
optional = false
python-versions = "*"
version = "2019.9.11"

[[package]]
category = "main"
description = "Foreign Function Interface for Python calling C code."
name = "cffi"
optional = false
python-versions = "*"
version = "1.13.1"

[package.dependencies]
pycparser = "*"

[[package]]
category = "main"
description = "Universal encoding detector for Python 2 and 3"
name = "chardet"
optional = false
python-versions = "*"
version = "3.0.4"

[[package]]
category = "main"
description = "Composable command line interface toolkit"
name = "click"
optional = false
python-versions = ">=2.7, !=3.0.*, !=3.1.*, !=3.2.*, !=3.3.*"
version = "7.0"

[[package]]
category = "main"
description = "Extended pickling support for Python objects"
name = "cloudpickle"
optional = false
python-versions = "*"
version = "1.2.2"

[[package]]
category = "main"
description = "Cross-platform colored terminal text."
marker = "sys_platform == \"sunos4\""
name = "colorama"
optional = false
python-versions = ">=2.7, !=3.0.*, !=3.1.*, !=3.2.*, !=3.3.*"
version = "0.4.1"

[[package]]
category = "dev"
description = "Code coverage measurement for Python"
name = "coverage"
optional = false
python-versions = ">=2.6, !=3.0.*, !=3.1.*, !=3.2.*, <4"
version = "4.5.4"

[[package]]
category = "main"
description = "cryptography is a package which provides cryptographic recipes and primitives to Python developers."
name = "cryptography"
optional = false
python-versions = ">=2.7,!=3.0.*,!=3.1.*,!=3.2.*,!=3.3.*"
version = "2.8"

[package.dependencies]
cffi = ">=1.8,<1.11.3 || >1.11.3"
six = ">=1.4.1"

[package.extras]
docs = ["sphinx (>=1.6.5,<1.8.0 || >1.8.0)", "sphinx-rtd-theme"]
docstest = ["doc8", "pyenchant (>=1.6.11)", "twine (>=1.12.0)", "sphinxcontrib-spelling (>=4.0.1)"]
idna = ["idna (>=2.1)"]
pep8test = ["flake8", "flake8-import-order", "pep8-naming"]
test = ["pytest (>=3.6.0,<3.9.0 || >3.9.0,<3.9.1 || >3.9.1,<3.9.2 || >3.9.2)", "pretend", "iso8601", "pytz", "hypothesis (>=1.11.4,<3.79.2 || >3.79.2)"]

[[package]]
category = "main"
description = "Python @deprecated decorator to deprecate old python classes, functions or methods."
name = "deprecated"
optional = false
python-versions = ">=2.7, !=3.0.*, !=3.1.*, !=3.2.*, !=3.3.*"
version = "1.2.6"

[package.dependencies]
wrapt = ">=1.10,<2"

[package.extras]
dev = ["tox", "bumpversion (<1)", "sphinx (<2)", "PyTest (<5)", "PyTest-Cov (<2.6)", "pytest", "pytest-cov"]

[[package]]
category = "main"
description = "Google API client core library"
name = "google-api-core"
optional = false
python-versions = ">=2.7,!=3.0.*,!=3.1.*,!=3.2.*,!=3.3.*"
version = "1.14.3"

[package.dependencies]
google-auth = ">=0.4.0,<2.0dev"
googleapis-common-protos = ">=1.6.0,<2.0dev"
protobuf = ">=3.4.0"
pytz = "*"
requests = ">=2.18.0,<3.0.0dev"
setuptools = ">=34.0.0"
six = ">=1.10.0"

[package.extras]
grpc = ["grpcio (>=1.8.2,<2.0dev)"]
grpcgcp = ["grpcio-gcp (>=0.2.2)"]
grpcio-gcp = ["grpcio-gcp (>=0.2.2)"]

[[package]]
category = "main"
description = "Google Authentication Library"
name = "google-auth"
optional = false
python-versions = ">=2.7,!=3.0.*,!=3.1.*,!=3.2.*,!=3.3.*"
version = "1.6.3"

[package.dependencies]
cachetools = ">=2.0.0"
pyasn1-modules = ">=0.2.1"
rsa = ">=3.1.4"
six = ">=1.9.0"

[[package]]
category = "main"
description = "Google Cloud API client core library"
name = "google-cloud-core"
optional = false
python-versions = ">=2.7,!=3.0.*,!=3.1.*,!=3.2.*,!=3.3.*"
version = "1.0.3"

[package.dependencies]
google-api-core = ">=1.14.0,<2.0.0dev"

[package.extras]
grpc = ["grpcio (>=1.8.2,<2.0dev)"]

[[package]]
category = "main"
description = "Google Cloud Storage API client library"
name = "google-cloud-storage"
optional = false
python-versions = ">=2.7,!=3.0.*,!=3.1.*,!=3.2.*,!=3.3.*"
version = "1.20.0"

[package.dependencies]
google-auth = ">=1.2.0"
google-cloud-core = ">=1.0.3,<2.0dev"
google-resumable-media = ">=0.3.1,<0.4.0 || >0.4.0,<0.5dev"

[[package]]
category = "main"
description = "Utilities for Google Media Downloads and Resumable Uploads"
name = "google-resumable-media"
optional = false
python-versions = ">=2.7,!=3.0.*,!=3.1.*,!=3.2.*,!=3.3.*"
version = "0.4.1"

[package.dependencies]
six = "*"

[package.extras]
requests = ["requests (>=2.18.0,<3.0.0dev)"]

[[package]]
category = "main"
description = "Common protobufs used in Google APIs"
name = "googleapis-common-protos"
optional = false
python-versions = "*"
version = "1.6.0"

[package.dependencies]
protobuf = ">=3.6.0"

[package.extras]
grpc = ["grpcio (>=1.0.0)"]

[[package]]
category = "main"
description = "Internationalized Domain Names in Applications (IDNA)"
name = "idna"
optional = false
python-versions = ">=2.7, !=3.0.*, !=3.1.*, !=3.2.*, !=3.3.*"
version = "2.8"

[[package]]
category = "main"
description = "Read metadata from Python packages"
name = "importlib-metadata"
optional = false
python-versions = ">=2.7,!=3.0,!=3.1,!=3.2,!=3.3"
version = "0.23"

[package.dependencies]
zipp = ">=0.5"

[package.extras]
docs = ["sphinx", "rst.linker"]
testing = ["packaging", "importlib-resources"]

[[package]]
category = "main"
description = "An implementation of JSON Schema validation for Python"
name = "jsonschema"
optional = false
python-versions = "*"
version = "3.1.1"

[package.dependencies]
attrs = ">=17.4.0"
importlib-metadata = "*"
pyrsistent = ">=0.14.0"
setuptools = "*"
six = ">=1.11.0"

[package.extras]
format = ["idna", "jsonpointer (>1.13)", "rfc3987", "strict-rfc3339", "webcolors"]

[[package]]
category = "main"
description = "KubeFlow Pipelines SDK"
name = "kfp"
optional = false
python-versions = ">=3.5.3"
version = "0.1.32"

[package.dependencies]
Deprecated = "*"
PyJWT = ">=1.6.4"
PyYAML = "*"
argo-models = "2.2.1a"
certifi = "*"
click = "7.0"
cloudpickle = "*"
cryptography = ">=2.4.2"
google-auth = ">=1.6.1"
google-cloud-storage = ">=1.13.0"
jsonschema = ">=3.0.1"
kfp-server-api = ">=0.1.18,<=0.1.25"
kubernetes = ">=8.0.0,<=9.0.0"
python-dateutil = "*"
requests_toolbelt = ">=0.8.0"
six = ">=1.10"
tabulate = "0.8.3"
urllib3 = ">=1.15,<1.25"

[[package]]
category = "main"
description = "KF Pipelines API"
name = "kfp-server-api"
optional = false
python-versions = "*"
version = "0.1.18.3"

[package.dependencies]
certifi = ">=2017.4.17"
python-dateutil = ">=2.1"
six = ">=1.10"
urllib3 = ">=1.23"

[[package]]
category = "main"
description = "Kubernetes python client"
name = "kubernetes"
optional = false
python-versions = "*"
version = "9.0.0"

[package.dependencies]
certifi = ">=14.05.14"
google-auth = ">=1.0.1"
python-dateutil = ">=2.5.3"
pyyaml = ">=3.12"
requests = "*"
requests-oauthlib = "*"
setuptools = ">=21.0.0"
six = ">=1.9.0"
urllib3 = ">=1.23"
websocket-client = ">=0.32.0,<0.40.0 || >0.40.0,<0.41.0 || >=0.43.0"

[package.extras]
adal = ["adal (>=1.0.2)"]

[[package]]
category = "main"
description = "More routines for operating on iterables, beyond itertools"
name = "more-itertools"
optional = false
python-versions = ">=3.4"
version = "7.2.0"

[[package]]
category = "main"
description = "NumPy is the fundamental package for array computing with Python."
name = "numpy"
optional = false
python-versions = ">=3.5"
version = "1.17.3"

[[package]]
category = "main"
description = "A generic, spec-compliant, thorough implementation of the OAuth request-signing logic"
name = "oauthlib"
optional = false
python-versions = ">=2.7, !=3.0.*, !=3.1.*, !=3.2.*, !=3.3.*"
version = "3.1.0"

[package.extras]
rsa = ["cryptography"]
signals = ["blinker"]
signedtoken = ["cryptography", "pyjwt (>=1.0.0)"]

[[package]]
category = "main"
description = "Powerful data structures for data analysis, time series, and statistics"
name = "pandas"
optional = false
python-versions = ">=3.5.3"
version = "0.25.2"

[package.dependencies]
numpy = ">=1.13.3"
python-dateutil = ">=2.6.1"
pytz = ">=2017.2"

[package.extras]
test = ["pytest (>=4.0.2)", "pytest-xdist", "hypothesis (>=3.58)"]

[[package]]
category = "main"
description = "Protocol Buffers"
name = "protobuf"
optional = false
python-versions = "*"
version = "3.10.0"

[package.dependencies]
setuptools = "*"
six = ">=1.9"

[[package]]
category = "main"
description = "ASN.1 types and codecs"
name = "pyasn1"
optional = false
python-versions = "*"
version = "0.4.7"

[[package]]
category = "main"
description = "A collection of ASN.1-based protocols modules."
name = "pyasn1-modules"
optional = false
python-versions = "*"
version = "0.2.7"

[package.dependencies]
pyasn1 = ">=0.4.6,<0.5.0"

[[package]]
category = "main"
description = "C parser in Python"
name = "pycparser"
optional = false
python-versions = ">=2.7, !=3.0.*, !=3.1.*, !=3.2.*, !=3.3.*"
version = "2.19"

[[package]]
category = "main"
description = "JSON Web Token implementation in Python"
name = "pyjwt"
optional = false
python-versions = "*"
version = "1.7.1"

[package.extras]
crypto = ["cryptography (>=1.4)"]
flake8 = ["flake8", "flake8-import-order", "pep8-naming"]
test = ["pytest (>=4.0.1,<5.0.0)", "pytest-cov (>=2.6.0,<3.0.0)", "pytest-runner (>=4.2,<5.0.0)"]

[[package]]
category = "main"
description = "Persistent/Functional/Immutable data structures"
name = "pyrsistent"
optional = false
python-versions = "*"
version = "0.15.4"

[package.dependencies]
six = "*"

[[package]]
category = "main"
description = "Extensions to the standard Python datetime module"
name = "python-dateutil"
optional = false
python-versions = ">=2.7, !=3.0.*, !=3.1.*, !=3.2.*"
version = "2.8.0"

[package.dependencies]
six = ">=1.5"

[[package]]
category = "main"
description = "World timezone definitions, modern and historical"
name = "pytz"
optional = false
python-versions = "*"
version = "2019.3"

[[package]]
category = "main"
description = "YAML parser and emitter for Python"
name = "pyyaml"
optional = false
python-versions = ">=2.7, !=3.0.*, !=3.1.*, !=3.2.*, !=3.3.*"
version = "5.1.2"

[[package]]
category = "main"
description = "Python HTTP for Humans."
name = "requests"
optional = false
python-versions = ">=2.7, !=3.0.*, !=3.1.*, !=3.2.*, !=3.3.*, !=3.4.*"
version = "2.22.0"

[package.dependencies]
certifi = ">=2017.4.17"
chardet = ">=3.0.2,<3.1.0"
idna = ">=2.5,<2.9"
urllib3 = ">=1.21.1,<1.25.0 || >1.25.0,<1.25.1 || >1.25.1,<1.26"

[package.extras]
security = ["pyOpenSSL (>=0.14)", "cryptography (>=1.3.4)", "idna (>=2.0.0)"]
socks = ["PySocks (>=1.5.6,<1.5.7 || >1.5.7)", "win-inet-pton"]

[[package]]
category = "main"
description = "OAuthlib authentication support for Requests."
name = "requests-oauthlib"
optional = false
python-versions = ">=2.7, !=3.0.*, !=3.1.*, !=3.2.*, !=3.3.*"
version = "1.2.0"

[package.dependencies]
oauthlib = ">=3.0.0"
requests = ">=2.0.0"

[package.extras]
rsa = ["oauthlib (>=3.0.0)"]

[[package]]
category = "main"
description = "A utility belt for advanced users of python-requests"
name = "requests-toolbelt"
optional = false
python-versions = "*"
version = "0.9.1"

[package.dependencies]
requests = ">=2.0.1,<3.0.0"

[[package]]
category = "main"
description = "Pure-Python RSA implementation"
name = "rsa"
optional = false
python-versions = "*"
version = "4.0"

[package.dependencies]
pyasn1 = ">=0.1.3"

[[package]]
category = "main"
description = "Python 2 and 3 compatibility utilities"
name = "six"
optional = false
python-versions = ">=2.6, !=3.0.*, !=3.1.*"
version = "1.12.0"

[[package]]
category = "main"
description = "Pretty-print tabular data"
name = "tabulate"
optional = false
python-versions = "*"
version = "0.8.3"

[package.extras]
widechars = ["wcwidth"]

[[package]]
category = "main"
description = "HTTP library with thread-safe connection pooling, file post, and more."
name = "urllib3"
optional = false
python-versions = ">=2.7, !=3.0.*, !=3.1.*, !=3.2.*, !=3.3.*, <4"
version = "1.24.3"

[package.extras]
secure = ["pyOpenSSL (>=0.14)", "cryptography (>=1.3.4)", "idna (>=2.0.0)", "certifi", "ipaddress"]
socks = ["PySocks (>=1.5.6,<1.5.7 || >1.5.7,<2.0)"]

[[package]]
category = "main"
description = "WebSocket client for Python. hybi13 is supported."
name = "websocket-client"
optional = false
python-versions = ">=2.6, !=3.0.*, !=3.1.*, !=3.2.*, !=3.3.*"
version = "0.56.0"

[package.dependencies]
six = "*"

[[package]]
category = "main"
description = "Module for decorators, wrappers and monkey patching."
name = "wrapt"
optional = false
python-versions = "*"
version = "1.11.2"

[[package]]
category = "main"
description = "Backport of pathlib-compatible object wrapper for zip files"
name = "zipp"
optional = false
python-versions = ">=2.7"
version = "0.6.0"

[package.dependencies]
more-itertools = "*"

[package.extras]
docs = ["sphinx", "jaraco.packaging (>=3.2)", "rst.linker (>=1.9)"]
testing = ["pathlib2", "contextlib2", "unittest2"]

[metadata]
content-hash = "fc49e7f0839c34076bdd292385fa36d1e93c5f8fad7248b7d112db030d025e2e"
python-versions = "^3.7"

[metadata.files]
argo-models = [
    {file = "argo-models-2.2.1a0.tar.gz", hash = "sha256:41b6c6cb5d193bdd734cb0bd56234c8e2ec30764bbcb77b3011a766f75e8f4bb"},
]
attrs = [
    {file = "attrs-19.3.0-py2.py3-none-any.whl", hash = "sha256:08a96c641c3a74e44eb59afb61a24f2cb9f4d7188748e76ba4bb5edfa3cb7d1c"},
    {file = "attrs-19.3.0.tar.gz", hash = "sha256:f7b7ce16570fe9965acd6d30101a28f62fb4a7f9e926b3bbc9b61f8b04247e72"},
]
cachetools = [
    {file = "cachetools-3.1.1-py2.py3-none-any.whl", hash = "sha256:428266a1c0d36dc5aca63a2d7c5942e88c2c898d72139fca0e97fdd2380517ae"},
    {file = "cachetools-3.1.1.tar.gz", hash = "sha256:8ea2d3ce97850f31e4a08b0e2b5e6c34997d7216a9d2c98e0f3978630d4da69a"},
]
certifi = [
    {file = "certifi-2019.9.11-py2.py3-none-any.whl", hash = "sha256:fd7c7c74727ddcf00e9acd26bba8da604ffec95bf1c2144e67aff7a8b50e6cef"},
    {file = "certifi-2019.9.11.tar.gz", hash = "sha256:e4f3620cfea4f83eedc95b24abd9cd56f3c4b146dd0177e83a21b4eb49e21e50"},
]
cffi = [
    {file = "cffi-1.13.1-cp27-cp27m-macosx_10_6_intel.whl", hash = "sha256:9009e917d8f5ef780c2626e29b6bc126f4cb2a4d43ca67aa2b40f2a5d6385e78"},
    {file = "cffi-1.13.1-cp27-cp27m-manylinux1_i686.whl", hash = "sha256:825ecffd9574557590e3225560a8a9d751f6ffe4a49e3c40918c9969b93395fa"},
    {file = "cffi-1.13.1-cp27-cp27m-manylinux1_x86_64.whl", hash = "sha256:193697c2918ecdb3865acf6557cddf5076bb39f1f654975e087b67efdff83365"},
    {file = "cffi-1.13.1-cp27-cp27m-win32.whl", hash = "sha256:1ae14b542bf3b35e5229439c35653d2ef7d8316c1fffb980f9b7647e544baa98"},
    {file = "cffi-1.13.1-cp27-cp27m-win_amd64.whl", hash = "sha256:0ea23c9c0cdd6778146a50d867d6405693ac3b80a68829966c98dd5e1bbae400"},
    {file = "cffi-1.13.1-cp27-cp27mu-manylinux1_i686.whl", hash = "sha256:ec2fa3ee81707a5232bf2dfbd6623fdb278e070d596effc7e2d788f2ada71a05"},
    {file = "cffi-1.13.1-cp27-cp27mu-manylinux1_x86_64.whl", hash = "sha256:7cfcfda59ef1f95b9f729c56fe8a4041899f96b72685d36ef16a3440a0f85da8"},
    {file = "cffi-1.13.1-cp34-cp34m-macosx_10_6_intel.whl", hash = "sha256:6fd58366747debfa5e6163ada468a90788411f10c92597d3b0a912d07e580c36"},
    {file = "cffi-1.13.1-cp34-cp34m-manylinux1_i686.whl", hash = "sha256:9c77564a51d4d914ed5af096cd9843d90c45b784b511723bd46a8a9d09cf16fc"},
    {file = "cffi-1.13.1-cp34-cp34m-manylinux1_x86_64.whl", hash = "sha256:728ec653964655d65408949b07f9b2219df78badd601d6c49e28d604efe40599"},
    {file = "cffi-1.13.1-cp35-cp35m-macosx_10_6_intel.whl", hash = "sha256:a19089fa74ed19c4fe96502a291cfdb89223a9705b1d73b3005df4256976142e"},
    {file = "cffi-1.13.1-cp35-cp35m-manylinux1_i686.whl", hash = "sha256:e22a00c0c81ffcecaf07c2bfb3672fa372c50e2bd1024ffee0da191c1b27fc71"},
    {file = "cffi-1.13.1-cp35-cp35m-manylinux1_x86_64.whl", hash = "sha256:bb75ba21d5716abc41af16eac1145ab2e471deedde1f22c6f99bd9f995504df0"},
    {file = "cffi-1.13.1-cp35-cp35m-win32.whl", hash = "sha256:364f8404034ae1b232335d8c7f7b57deac566f148f7222cef78cf8ae28ef764e"},
    {file = "cffi-1.13.1-cp35-cp35m-win_amd64.whl", hash = "sha256:fd82eb4694be712fcae03c717ca2e0fc720657ac226b80bbb597e971fc6928c2"},
    {file = "cffi-1.13.1-cp36-cp36m-macosx_10_6_intel.whl", hash = "sha256:5ba86e1d80d458b338bda676fd9f9d68cb4e7a03819632969cf6d46b01a26730"},
    {file = "cffi-1.13.1-cp36-cp36m-manylinux1_i686.whl", hash = "sha256:63424daa6955e6b4c70dc2755897f5be1d719eabe71b2625948b222775ed5c43"},
    {file = "cffi-1.13.1-cp36-cp36m-manylinux1_x86_64.whl", hash = "sha256:33142ae9807665fa6511cfa9857132b2c3ee6ddffb012b3f0933fc11e1e830d5"},
    {file = "cffi-1.13.1-cp36-cp36m-win32.whl", hash = "sha256:e55b5a746fb77f10c83e8af081979351722f6ea48facea79d470b3731c7b2891"},
    {file = "cffi-1.13.1-cp36-cp36m-win_amd64.whl", hash = "sha256:47368f69fe6529f8f49a5d146ddee713fc9057e31d61e8b6dc86a6a5e38cecc1"},
    {file = "cffi-1.13.1-cp37-cp37m-macosx_10_6_intel.whl", hash = "sha256:4895640844f17bec32943995dc8c96989226974dfeb9dd121cc45d36e0d0c434"},
    {file = "cffi-1.13.1-cp37-cp37m-manylinux1_i686.whl", hash = "sha256:00d890313797d9fe4420506613384b43099ad7d2b905c0752dbcc3a6f14d80fa"},
    {file = "cffi-1.13.1-cp37-cp37m-manylinux1_x86_64.whl", hash = "sha256:a40ed527bffa2b7ebe07acc5a3f782da072e262ca994b4f2085100b5a444bbb2"},
    {file = "cffi-1.13.1-cp37-cp37m-win32.whl", hash = "sha256:6381a7d8b1ebd0bc27c3bc85bc1bfadbb6e6f756b4d4db0aa1425c3719ba26b4"},
    {file = "cffi-1.13.1-cp37-cp37m-win_amd64.whl", hash = "sha256:1e389e069450609c6ffa37f21f40cce36f9be7643bbe5051ab1de99d5a779526"},
    {file = "cffi-1.13.1-cp38-cp38-macosx_10_9_x86_64.whl", hash = "sha256:6381ab708158c4e1639da1f2a7679a9bbe3e5a776fc6d1fd808076f0e3145331"},
    {file = "cffi-1.13.1-cp38-cp38-manylinux1_x86_64.whl", hash = "sha256:0cf9e550ac6c5e57b713437e2f4ac2d7fd0cd10336525a27224f5fc1ec2ee59a"},
    {file = "cffi-1.13.1-cp38-cp38-win32.whl", hash = "sha256:819f8d5197c2684524637f940445c06e003c4a541f9983fd30d6deaa2a5487d8"},
    {file = "cffi-1.13.1-cp38-cp38-win_amd64.whl", hash = "sha256:263242b6ace7f9cd4ea401428d2d45066b49a700852334fd55311bde36dcda14"},
    {file = "cffi-1.13.1.tar.gz", hash = "sha256:558b3afef987cf4b17abd849e7bedf64ee12b28175d564d05b628a0f9355599b"},
]
chardet = [
    {file = "chardet-3.0.4-py2.py3-none-any.whl", hash = "sha256:fc323ffcaeaed0e0a02bf4d117757b98aed530d9ed4531e3e15460124c106691"},
    {file = "chardet-3.0.4.tar.gz", hash = "sha256:84ab92ed1c4d4f16916e05906b6b75a6c0fb5db821cc65e70cbd64a3e2a5eaae"},
]
click = [
    {file = "Click-7.0-py2.py3-none-any.whl", hash = "sha256:2335065e6395b9e67ca716de5f7526736bfa6ceead690adf616d925bdc622b13"},
    {file = "Click-7.0.tar.gz", hash = "sha256:5b94b49521f6456670fdb30cd82a4eca9412788a93fa6dd6df72c94d5a8ff2d7"},
]
cloudpickle = [
    {file = "cloudpickle-1.2.2-py2.py3-none-any.whl", hash = "sha256:f3ef2c9d438f1553ce7795afb18c1f190d8146132496169ef6aa9b7b65caa4c3"},
    {file = "cloudpickle-1.2.2.tar.gz", hash = "sha256:922401d7140e133253ff5fab4faa4a1166416066453a783b00b507dca93f8859"},
]
colorama = [
    {file = "colorama-0.4.1-py2.py3-none-any.whl", hash = "sha256:f8ac84de7840f5b9c4e3347b3c1eaa50f7e49c2b07596221daec5edaabbd7c48"},
    {file = "colorama-0.4.1.tar.gz", hash = "sha256:05eed71e2e327246ad6b38c540c4a3117230b19679b875190486ddd2d721422d"},
]
coverage = [
    {file = "coverage-4.5.4-cp26-cp26m-macosx_10_12_x86_64.whl", hash = "sha256:eee64c616adeff7db37cc37da4180a3a5b6177f5c46b187894e633f088fb5b28"},
    {file = "coverage-4.5.4-cp27-cp27m-macosx_10_12_x86_64.whl", hash = "sha256:ef824cad1f980d27f26166f86856efe11eff9912c4fed97d3804820d43fa550c"},
    {file = "coverage-4.5.4-cp27-cp27m-macosx_10_13_intel.whl", hash = "sha256:9a334d6c83dfeadae576b4d633a71620d40d1c379129d587faa42ee3e2a85cce"},
    {file = "coverage-4.5.4-cp27-cp27m-manylinux1_i686.whl", hash = "sha256:7494b0b0274c5072bddbfd5b4a6c6f18fbbe1ab1d22a41e99cd2d00c8f96ecfe"},
    {file = "coverage-4.5.4-cp27-cp27m-manylinux1_x86_64.whl", hash = "sha256:826f32b9547c8091679ff292a82aca9c7b9650f9fda3e2ca6bf2ac905b7ce888"},
    {file = "coverage-4.5.4-cp27-cp27m-win32.whl", hash = "sha256:63a9a5fc43b58735f65ed63d2cf43508f462dc49857da70b8980ad78d41d52fc"},
    {file = "coverage-4.5.4-cp27-cp27m-win_amd64.whl", hash = "sha256:e2ede7c1d45e65e209d6093b762e98e8318ddeff95317d07a27a2140b80cfd24"},
    {file = "coverage-4.5.4-cp27-cp27mu-manylinux1_i686.whl", hash = "sha256:dd579709a87092c6dbee09d1b7cfa81831040705ffa12a1b248935274aee0437"},
    {file = "coverage-4.5.4-cp27-cp27mu-manylinux1_x86_64.whl", hash = "sha256:08907593569fe59baca0bf152c43f3863201efb6113ecb38ce7e97ce339805a6"},
    {file = "coverage-4.5.4-cp33-cp33m-macosx_10_10_x86_64.whl", hash = "sha256:6b62544bb68106e3f00b21c8930e83e584fdca005d4fffd29bb39fb3ffa03cb5"},
    {file = "coverage-4.5.4-cp34-cp34m-macosx_10_12_x86_64.whl", hash = "sha256:331cb5115673a20fb131dadd22f5bcaf7677ef758741312bee4937d71a14b2ef"},
    {file = "coverage-4.5.4-cp34-cp34m-manylinux1_i686.whl", hash = "sha256:bf1ef9eb901113a9805287e090452c05547578eaab1b62e4ad456fcc049a9b7e"},
    {file = "coverage-4.5.4-cp34-cp34m-manylinux1_x86_64.whl", hash = "sha256:386e2e4090f0bc5df274e720105c342263423e77ee8826002dcffe0c9533dbca"},
    {file = "coverage-4.5.4-cp34-cp34m-win32.whl", hash = "sha256:fa964bae817babece5aa2e8c1af841bebb6d0b9add8e637548809d040443fee0"},
    {file = "coverage-4.5.4-cp34-cp34m-win_amd64.whl", hash = "sha256:df6712284b2e44a065097846488f66840445eb987eb81b3cc6e4149e7b6982e1"},
    {file = "coverage-4.5.4-cp35-cp35m-macosx_10_12_x86_64.whl", hash = "sha256:efc89291bd5a08855829a3c522df16d856455297cf35ae827a37edac45f466a7"},
    {file = "coverage-4.5.4-cp35-cp35m-manylinux1_i686.whl", hash = "sha256:e4ef9c164eb55123c62411f5936b5c2e521b12356037b6e1c2617cef45523d47"},
    {file = "coverage-4.5.4-cp35-cp35m-manylinux1_x86_64.whl", hash = "sha256:ff37757e068ae606659c28c3bd0d923f9d29a85de79bf25b2b34b148473b5025"},
    {file = "coverage-4.5.4-cp35-cp35m-win32.whl", hash = "sha256:bf0a7aed7f5521c7ca67febd57db473af4762b9622254291fbcbb8cd0ba5e33e"},
    {file = "coverage-4.5.4-cp35-cp35m-win_amd64.whl", hash = "sha256:19e4df788a0581238e9390c85a7a09af39c7b539b29f25c89209e6c3e371270d"},
    {file = "coverage-4.5.4-cp36-cp36m-macosx_10_13_x86_64.whl", hash = "sha256:60851187677b24c6085248f0a0b9b98d49cba7ecc7ec60ba6b9d2e5574ac1ee9"},
    {file = "coverage-4.5.4-cp36-cp36m-manylinux1_i686.whl", hash = "sha256:245388cda02af78276b479f299bbf3783ef0a6a6273037d7c60dc73b8d8d7755"},
    {file = "coverage-4.5.4-cp36-cp36m-manylinux1_x86_64.whl", hash = "sha256:c0afd27bc0e307a1ffc04ca5ec010a290e49e3afbe841c5cafc5c5a80ecd81c9"},
    {file = "coverage-4.5.4-cp36-cp36m-win32.whl", hash = "sha256:6ba744056423ef8d450cf627289166da65903885272055fb4b5e113137cfa14f"},
    {file = "coverage-4.5.4-cp36-cp36m-win_amd64.whl", hash = "sha256:af7ed8a8aa6957aac47b4268631fa1df984643f07ef00acd374e456364b373f5"},
    {file = "coverage-4.5.4-cp37-cp37m-macosx_10_13_x86_64.whl", hash = "sha256:3a794ce50daee01c74a494919d5ebdc23d58873747fa0e288318728533a3e1ca"},
    {file = "coverage-4.5.4-cp37-cp37m-manylinux1_i686.whl", hash = "sha256:0be0f1ed45fc0c185cfd4ecc19a1d6532d72f86a2bac9de7e24541febad72650"},
    {file = "coverage-4.5.4-cp37-cp37m-manylinux1_x86_64.whl", hash = "sha256:eca2b7343524e7ba246cab8ff00cab47a2d6d54ada3b02772e908a45675722e2"},
    {file = "coverage-4.5.4-cp37-cp37m-win32.whl", hash = "sha256:93715dffbcd0678057f947f496484e906bf9509f5c1c38fc9ba3922893cda5f5"},
    {file = "coverage-4.5.4-cp37-cp37m-win_amd64.whl", hash = "sha256:23cc09ed395b03424d1ae30dcc292615c1372bfba7141eb85e11e50efaa6b351"},
    {file = "coverage-4.5.4-cp38-cp38-macosx_10_13_x86_64.whl", hash = "sha256:141f08ed3c4b1847015e2cd62ec06d35e67a3ac185c26f7635f4406b90afa9c5"},
    {file = "coverage-4.5.4.tar.gz", hash = "sha256:e07d9f1a23e9e93ab5c62902833bf3e4b1f65502927379148b6622686223125c"},
]
cryptography = [
    {file = "cryptography-2.8-cp27-cp27m-macosx_10_6_intel.whl", hash = "sha256:fb81c17e0ebe3358486cd8cc3ad78adbae58af12fc2bf2bc0bb84e8090fa5ce8"},
    {file = "cryptography-2.8-cp27-cp27m-manylinux1_x86_64.whl", hash = "sha256:44ff04138935882fef7c686878e1c8fd80a723161ad6a98da31e14b7553170c2"},
    {file = "cryptography-2.8-cp27-cp27m-manylinux2010_x86_64.whl", hash = "sha256:369d2346db5934345787451504853ad9d342d7f721ae82d098083e1f49a582ad"},
    {file = "cryptography-2.8-cp27-cp27m-win32.whl", hash = "sha256:df6b4dca2e11865e6cfbfb708e800efb18370f5a46fd601d3755bc7f85b3a8a2"},
    {file = "cryptography-2.8-cp27-cp27m-win_amd64.whl", hash = "sha256:7f09806ed4fbea8f51585231ba742b58cbcfbfe823ea197d8c89a5e433c7e912"},
    {file = "cryptography-2.8-cp27-cp27mu-manylinux1_x86_64.whl", hash = "sha256:58363dbd966afb4f89b3b11dfb8ff200058fbc3b947507675c19ceb46104b48d"},
    {file = "cryptography-2.8-cp27-cp27mu-manylinux2010_x86_64.whl", hash = "sha256:6ec280fb24d27e3d97aa731e16207d58bd8ae94ef6eab97249a2afe4ba643d42"},
    {file = "cryptography-2.8-cp34-abi3-macosx_10_6_intel.whl", hash = "sha256:b43f53f29816ba1db8525f006fa6f49292e9b029554b3eb56a189a70f2a40879"},
    {file = "cryptography-2.8-cp34-abi3-manylinux1_x86_64.whl", hash = "sha256:7270a6c29199adc1297776937a05b59720e8a782531f1f122f2eb8467f9aab4d"},
    {file = "cryptography-2.8-cp34-abi3-manylinux2010_x86_64.whl", hash = "sha256:de96157ec73458a7f14e3d26f17f8128c959084931e8997b9e655a39c8fde9f9"},
    {file = "cryptography-2.8-cp34-cp34m-win32.whl", hash = "sha256:02079a6addc7b5140ba0825f542c0869ff4df9a69c360e339ecead5baefa843c"},
    {file = "cryptography-2.8-cp34-cp34m-win_amd64.whl", hash = "sha256:b0de590a8b0979649ebeef8bb9f54394d3a41f66c5584fff4220901739b6b2f0"},
    {file = "cryptography-2.8-cp35-cp35m-win32.whl", hash = "sha256:ecadccc7ba52193963c0475ac9f6fa28ac01e01349a2ca48509667ef41ffd2cf"},
    {file = "cryptography-2.8-cp35-cp35m-win_amd64.whl", hash = "sha256:90df0cc93e1f8d2fba8365fb59a858f51a11a394d64dbf3ef844f783844cc793"},
    {file = "cryptography-2.8-cp36-cp36m-win32.whl", hash = "sha256:1df22371fbf2004c6f64e927668734070a8953362cd8370ddd336774d6743595"},
    {file = "cryptography-2.8-cp36-cp36m-win_amd64.whl", hash = "sha256:a518c153a2b5ed6b8cc03f7ae79d5ffad7315ad4569b2d5333a13c38d64bd8d7"},
    {file = "cryptography-2.8-cp37-cp37m-win32.whl", hash = "sha256:4b1030728872c59687badcca1e225a9103440e467c17d6d1730ab3d2d64bfeff"},
    {file = "cryptography-2.8-cp37-cp37m-win_amd64.whl", hash = "sha256:d31402aad60ed889c7e57934a03477b572a03af7794fa8fb1780f21ea8f6551f"},
    {file = "cryptography-2.8-cp38-cp38-win32.whl", hash = "sha256:73fd30c57fa2d0a1d7a49c561c40c2f79c7d6c374cc7750e9ac7c99176f6428e"},
    {file = "cryptography-2.8-cp38-cp38-win_amd64.whl", hash = "sha256:971221ed40f058f5662a604bd1ae6e4521d84e6cad0b7b170564cc34169c8f13"},
    {file = "cryptography-2.8.tar.gz", hash = "sha256:3cda1f0ed8747339bbdf71b9f38ca74c7b592f24f65cdb3ab3765e4b02871651"},
]
deprecated = [
    {file = "Deprecated-1.2.6-py2.py3-none-any.whl", hash = "sha256:b07b414c8aac88f60c1d837d21def7e83ba711052e03b3cbaff27972567a8f8d"},
    {file = "Deprecated-1.2.6.tar.gz", hash = "sha256:a515c4cf75061552e0284d123c3066fbbe398952c87333a92b8fc3dd8e4f9cc1"},
]
google-api-core = [
    {file = "google-api-core-1.14.3.tar.gz", hash = "sha256:df8adc4b97f5ab4328a0e745bee77877cf4a7d4601cb1cd5959d2bbf8fba57aa"},
    {file = "google_api_core-1.14.3-py2.py3-none-any.whl", hash = "sha256:b95895a9398026bc0500cf9b4a3f82c3f72c3f9150b26ff53af40c74e91c264a"},
]
google-auth = [
    {file = "google-auth-1.6.3.tar.gz", hash = "sha256:0f7c6a64927d34c1a474da92cfc59e552a5d3b940d3266606c6a28b72888b9e4"},
    {file = "google_auth-1.6.3-py2.py3-none-any.whl", hash = "sha256:20705f6803fd2c4d1cc2dcb0df09d4dfcb9a7d51fd59e94a3a28231fd93119ed"},
]
google-cloud-core = [
    {file = "google-cloud-core-1.0.3.tar.gz", hash = "sha256:10750207c1a9ad6f6e082d91dbff3920443bdaf1c344a782730489a9efa802f1"},
    {file = "google_cloud_core-1.0.3-py2.py3-none-any.whl", hash = "sha256:0ee17abc74ff02176bee221d4896a00a3c202f3fb07125a7d814ccabd20d7eb5"},
]
google-cloud-storage = [
    {file = "google-cloud-storage-1.20.0.tar.gz", hash = "sha256:2e7e2435978bda1c209b70a9a00b8cbc53c3b00d6f09eb2c991ebba857babf24"},
    {file = "google_cloud_storage-1.20.0-py2.py3-none-any.whl", hash = "sha256:13a6a820311662eb91a99810568c2bca5ddc7e44e2163fed4cb3f4d47da132cf"},
]
google-resumable-media = [
    {file = "google-resumable-media-0.4.1.tar.gz", hash = "sha256:cdeb8fbb3551a665db921023603af2f0d6ac59ad8b48259cb510b8799505775f"},
    {file = "google_resumable_media-0.4.1-py2.py3-none-any.whl", hash = "sha256:5fd2e641f477e50be925a55bcfdf0b0cb97c2b92aacd7b15c1d339f70d55c1c7"},
]
googleapis-common-protos = [
    {file = "googleapis-common-protos-1.6.0.tar.gz", hash = "sha256:e61b8ed5e36b976b487c6e7b15f31bb10c7a0ca7bd5c0e837f4afab64b53a0c6"},
]
idna = [
    {file = "idna-2.8-py2.py3-none-any.whl", hash = "sha256:ea8b7f6188e6fa117537c3df7da9fc686d485087abf6ac197f9c46432f7e4a3c"},
    {file = "idna-2.8.tar.gz", hash = "sha256:c357b3f628cf53ae2c4c05627ecc484553142ca23264e593d327bcde5e9c3407"},
]
importlib-metadata = [
    {file = "importlib_metadata-0.23-py2.py3-none-any.whl", hash = "sha256:d5f18a79777f3aa179c145737780282e27b508fc8fd688cb17c7a813e8bd39af"},
    {file = "importlib_metadata-0.23.tar.gz", hash = "sha256:aa18d7378b00b40847790e7c27e11673d7fed219354109d0e7b9e5b25dc3ad26"},
]
jsonschema = [
    {file = "jsonschema-3.1.1-py2.py3-none-any.whl", hash = "sha256:94c0a13b4a0616458b42529091624e66700a17f847453e52279e35509a5b7631"},
    {file = "jsonschema-3.1.1.tar.gz", hash = "sha256:2fa0684276b6333ff3c0b1b27081f4b2305f0a36cf702a23db50edb141893c3f"},
]
kfp = [
    {file = "kfp-0.1.32.tar.gz", hash = "sha256:d58fe7ff00328cac0793211f8852b0909249fb53415e1b38a7ff45e73572eade"},
]
kfp-server-api = [
    {file = "kfp-server-api-0.1.18.3.tar.gz", hash = "sha256:c591c62fc8751e066a350f03848c1b1dfa0cf54b3a2b9669e02a3821dc97ba5c"},
]
kubernetes = [
    {file = "kubernetes-9.0.0-py2.py3-none-any.whl", hash = "sha256:f56137a298cb1453dd908b49dd4169347287c971e8cabd11b32f27570fec314c"},
    {file = "kubernetes-9.0.0.tar.gz", hash = "sha256:a8b0aed55ba946faea660712595a52ae53a8854df773d96f47a63fa0c9d4e3bf"},
]
more-itertools = [
    {file = "more-itertools-7.2.0.tar.gz", hash = "sha256:409cd48d4db7052af495b09dec721011634af3753ae1ef92d2b32f73a745f832"},
    {file = "more_itertools-7.2.0-py3-none-any.whl", hash = "sha256:92b8c4b06dac4f0611c0729b2f2ede52b2e1bac1ab48f089c7ddc12e26bb60c4"},
]
numpy = [
    {file = "numpy-1.17.3-cp35-cp35m-macosx_10_6_intel.whl", hash = "sha256:4dd830a11e8724c9c9379feed1d1be43113f8bcce55f47ea7186d3946769ce26"},
    {file = "numpy-1.17.3-cp35-cp35m-manylinux1_i686.whl", hash = "sha256:30c84e3a62cfcb9e3066f25226e131451312a044f1fe2040e69ce792cb7de418"},
    {file = "numpy-1.17.3-cp35-cp35m-manylinux1_x86_64.whl", hash = "sha256:9395b0a41e8b7e9a284e3be7060db9d14ad80273841c952c83a5afc241d2bd98"},
    {file = "numpy-1.17.3-cp35-cp35m-win32.whl", hash = "sha256:9e37c35fc4e9410093b04a77d11a34c64bf658565e30df7cbe882056088a91c1"},
    {file = "numpy-1.17.3-cp35-cp35m-win_amd64.whl", hash = "sha256:de2b1c20494bdf47f0160bd88ed05f5e48ae5dc336b8de7cfade71abcc95c0b9"},
    {file = "numpy-1.17.3-cp36-cp36m-macosx_10_9_x86_64.whl", hash = "sha256:669795516d62f38845c7033679c648903200980d68935baaa17ac5c7ae03ae0c"},
    {file = "numpy-1.17.3-cp36-cp36m-manylinux1_i686.whl", hash = "sha256:4650d94bb9c947151737ee022b934b7d9a845a7c76e476f3e460f09a0c8c6f39"},
    {file = "numpy-1.17.3-cp36-cp36m-manylinux1_x86_64.whl", hash = "sha256:4f2a2b279efde194877aff1f76cf61c68e840db242a5c7169f1ff0fd59a2b1e2"},
    {file = "numpy-1.17.3-cp36-cp36m-win32.whl", hash = "sha256:ffca69e29079f7880c5392bf675eb8b4146479d976ae1924d01cd92b04cccbcc"},
    {file = "numpy-1.17.3-cp36-cp36m-win_amd64.whl", hash = "sha256:2e418f0a59473dac424f888dd57e85f77502a593b207809211c76e5396ae4f5c"},
    {file = "numpy-1.17.3-cp37-cp37m-macosx_10_9_x86_64.whl", hash = "sha256:75fcd60d682db3e1f8fbe2b8b0c6761937ad56d01c1dc73edf4ef2748d5b6bc4"},
    {file = "numpy-1.17.3-cp37-cp37m-manylinux1_i686.whl", hash = "sha256:28b1180c758abf34a5c3fea76fcee66a87def1656724c42bb14a6f9717a5bdf7"},
    {file = "numpy-1.17.3-cp37-cp37m-manylinux1_x86_64.whl", hash = "sha256:dd0667f5be56fb1b570154c2c0516a528e02d50da121bbbb2cbb0b6f87f59bc2"},
    {file = "numpy-1.17.3-cp37-cp37m-win32.whl", hash = "sha256:25ffe71f96878e1da7e014467e19e7db90ae7d4e12affbc73101bcf61785214e"},
    {file = "numpy-1.17.3-cp37-cp37m-win_amd64.whl", hash = "sha256:0b0dd8f47fb177d00fa6ef2d58783c4f41ad3126b139c91dd2f7c4b3fdf5e9a5"},
    {file = "numpy-1.17.3-cp38-cp38-macosx_10_9_x86_64.whl", hash = "sha256:62d22566b3e3428dfc9ec972014c38ed9a4db4f8969c78f5414012ccd80a149e"},
    {file = "numpy-1.17.3-cp38-cp38-manylinux1_i686.whl", hash = "sha256:26efd7f7d755e6ca966a5c0ac5a930a87dbbaab1c51716ac26a38f42ecc9bc4b"},
    {file = "numpy-1.17.3-cp38-cp38-manylinux1_x86_64.whl", hash = "sha256:b46554ad4dafb2927f88de5a1d207398c5385edbb5c84d30b3ef187c4a3894d8"},
    {file = "numpy-1.17.3-cp38-cp38-win32.whl", hash = "sha256:c867eeccd934920a800f65c6068acdd6b87e80d45cd8c8beefff783b23cdc462"},
    {file = "numpy-1.17.3-cp38-cp38-win_amd64.whl", hash = "sha256:f1df7b2b7740dd777571c732f98adb5aad5450aee32772f1b39249c8a50386f6"},
    {file = "numpy-1.17.3.zip", hash = "sha256:a0678793096205a4d784bd99f32803ba8100f639cf3b932dc63b21621390ea7e"},
]
oauthlib = [
    {file = "oauthlib-3.1.0-py2.py3-none-any.whl", hash = "sha256:df884cd6cbe20e32633f1db1072e9356f53638e4361bef4e8b03c9127c9328ea"},
    {file = "oauthlib-3.1.0.tar.gz", hash = "sha256:bee41cc35fcca6e988463cacc3bcb8a96224f470ca547e697b604cc697b2f889"},
]
pandas = [
    {file = "pandas-0.25.2-cp35-cp35m-macosx_10_6_intel.whl", hash = "sha256:ae1c96ffdeec376895e533107e0b0f9da16225a2184fbb24a5abc866769db75e"},
    {file = "pandas-0.25.2-cp35-cp35m-manylinux1_i686.whl", hash = "sha256:0ffc6f9e20e77f3a7dc8baaad9c7fd25b858b084d3a2d8ce877bc3ea804e0636"},
    {file = "pandas-0.25.2-cp35-cp35m-manylinux1_x86_64.whl", hash = "sha256:397fe360643fffc5b26b41efdf608647e3334a618d185a07976cd2dc51c90bce"},
    {file = "pandas-0.25.2-cp35-cp35m-win32.whl", hash = "sha256:e3e9893bfe80a8b8e6d56d36ebb7afe1df77db7b4068a6e2ef3636a91f6f1caa"},
    {file = "pandas-0.25.2-cp35-cp35m-win_amd64.whl", hash = "sha256:cbe4985f5c82a173f8cff6b7fe92d551addf99fb4ea9ff4eb4b1fe606bb098ec"},
    {file = "pandas-0.25.2-cp36-cp36m-macosx_10_9_x86_64.whl", hash = "sha256:23e0eac646419c3057f15eb96ab821964848607bf1d4ea5a82f26565986ec5e9"},
    {file = "pandas-0.25.2-cp36-cp36m-manylinux1_i686.whl", hash = "sha256:56cb88b3876363d410a9d7724f43641ff164e2c9902d3266a648213e2efd5e6d"},
    {file = "pandas-0.25.2-cp36-cp36m-manylinux1_x86_64.whl", hash = "sha256:b6f27c9231be8a23de846f2302373991467dd8e397a4804d2614e8c5aa8d5a90"},
    {file = "pandas-0.25.2-cp36-cp36m-win32.whl", hash = "sha256:e7b218e8711910dac3fed0d19376cd1ef0e386be5175965d332fd0c65d02a43b"},
    {file = "pandas-0.25.2-cp36-cp36m-win_amd64.whl", hash = "sha256:0f484f43658a72e7d586a74978259657839b5bd31b903e963bb1b1491ab51775"},
    {file = "pandas-0.25.2-cp37-cp37m-macosx_10_9_x86_64.whl", hash = "sha256:3dbb3aa41c01504255bff2bd56944bdb915f6c9ce4bac7e2868efbace0b2a639"},
    {file = "pandas-0.25.2-cp37-cp37m-manylinux1_x86_64.whl", hash = "sha256:ec48d18b8b63a5dbb838e8ea7892ee1034299e03f852bd9b6dffe870310414dd"},
    {file = "pandas-0.25.2-cp37-cp37m-win32.whl", hash = "sha256:4e07c63247c59d61c6ebdbbb50196143cec6c5044403510c4e1a9d31854a83d6"},
    {file = "pandas-0.25.2-cp37-cp37m-win_amd64.whl", hash = "sha256:27c0603b15b5c6fa24885253bbe49a0c289381e7759385c59308ba4f0b166cf1"},
    {file = "pandas-0.25.2-cp38-cp38-macosx_10_9_x86_64.whl", hash = "sha256:7ce1be1614455f83710b9a5dc1fc602a755bdddbe4dda1d41515062923a37bbf"},
    {file = "pandas-0.25.2-cp38-cp38-manylinux1_x86_64.whl", hash = "sha256:4fa6d9235c6d2fecbeca82c3d326abd255866cafbfd37f66a0e826544e619760"},
    {file = "pandas-0.25.2-cp38-cp38-win32.whl", hash = "sha256:f4ab6280277e3208a59bfa9f2e51240304d09e69ffb65abfb4a21d678b495f74"},
    {file = "pandas-0.25.2-cp38-cp38-win_amd64.whl", hash = "sha256:c6056067f894f9355bedcd168dd740aa849908d41c0a74756f6e38f203e941b3"},
    {file = "pandas-0.25.2.tar.gz", hash = "sha256:ca91a19d1f0a280874a24dca44aadce42da7f3a7edb7e9ab7c7baad8febee2be"},
]
protobuf = [
    {file = "protobuf-3.10.0-cp27-cp27m-macosx_10_9_intel.whl", hash = "sha256:f50f3b1c5c1c1334ca7ce9cad5992f098f460ffd6388a3cabad10b66c2006b09"},
    {file = "protobuf-3.10.0-cp27-cp27mu-manylinux1_x86_64.whl", hash = "sha256:ca33d2f09dae149a1dcf942d2d825ebb06343b77b437198c9e2ef115cf5d5bc1"},
    {file = "protobuf-3.10.0-cp35-cp35m-macosx_10_9_intel.whl", hash = "sha256:f99f127909731cafb841c52f9216e447d3e4afb99b17bebfad327a75aee206de"},
    {file = "protobuf-3.10.0-cp35-cp35m-manylinux1_x86_64.whl", hash = "sha256:6f6677c5ade94d4fe75a912926d6796d5c71a2a90c2aeefe0d6f211d75c74789"},
    {file = "protobuf-3.10.0-cp35-cp35m-win32.whl", hash = "sha256:84a825a9418d7196e2acc48f8746cf1ee75877ed2f30433ab92a133f3eaf8fbe"},
    {file = "protobuf-3.10.0-cp35-cp35m-win_amd64.whl", hash = "sha256:5984e4947bbcef5bd849d6244aec507d31786f2dd3344139adc1489fb403b300"},
    {file = "protobuf-3.10.0-cp36-cp36m-macosx_10_9_intel.whl", hash = "sha256:3264f3c431a631b0b31e9db2ae8c927b79fc1a7b1b06b31e8e5bcf2af91fe896"},
    {file = "protobuf-3.10.0-cp36-cp36m-manylinux1_x86_64.whl", hash = "sha256:125713564d8cfed7610e52444c9769b8dcb0b55e25cc7841f2290ee7bc86636f"},
    {file = "protobuf-3.10.0-cp36-cp36m-win32.whl", hash = "sha256:3c5ab0f5c71ca5af27143e60613729e3488bb45f6d3f143dc918a20af8bab0bf"},
    {file = "protobuf-3.10.0-cp36-cp36m-win_amd64.whl", hash = "sha256:45dcf8758873e3f69feab075e5f3177270739f146255225474ee0b90429adef6"},
    {file = "protobuf-3.10.0-cp37-cp37m-macosx_10_9_intel.whl", hash = "sha256:6b0441da73796dd00821763bb4119674eaf252776beb50ae3883bed179a60b2a"},
    {file = "protobuf-3.10.0-cp37-cp37m-manylinux1_x86_64.whl", hash = "sha256:1accdb7a47e51503be64d9a57543964ba674edac103215576399d2d0e34eac77"},
    {file = "protobuf-3.10.0-cp37-cp37m-win32.whl", hash = "sha256:27003d12d4f68e3cbea9eb67427cab3bfddd47ff90670cb367fcd7a3a89b9657"},
    {file = "protobuf-3.10.0-cp37-cp37m-win_amd64.whl", hash = "sha256:b842c34fe043ccf78b4a6cf1019d7b80113707d68c88842d061fa2b8fb6ddedc"},
    {file = "protobuf-3.10.0-py2.7.egg", hash = "sha256:cc9af00df3fc9302f537a8335668c20be27916b2277e9a5eaed510266e2bb33b"},
    {file = "protobuf-3.10.0-py2.py3-none-any.whl", hash = "sha256:56a77d61a91186cc5676d8e11b36a5feb513873e4ae88d2ee5cf530d52bbcd3b"},
    {file = "protobuf-3.10.0.tar.gz", hash = "sha256:db83b5c12c0cd30150bb568e6feb2435c49ce4e68fe2d7b903113f0e221e58fe"},
]
pyasn1 = [
    {file = "pyasn1-0.4.7-py2.4.egg", hash = "sha256:2919babd43b3b44247c23201b71072c0c65a636daa595cad5bcd276094dbfc2d"},
    {file = "pyasn1-0.4.7-py2.5.egg", hash = "sha256:96c44b5604e7674e53e27fce98f3fc68821d9546151b98842c27b533122649da"},
    {file = "pyasn1-0.4.7-py2.6.egg", hash = "sha256:813b198c169e9442f340743f77093435bf3e1de8d1731f3abc45d44afba17556"},
    {file = "pyasn1-0.4.7-py2.7.egg", hash = "sha256:437a23121602c0bb6c65320b27e31e334ffd73a9ca5c6c075b66b6270b1a8184"},
    {file = "pyasn1-0.4.7-py2.py3-none-any.whl", hash = "sha256:62cdade8b5530f0b185e09855dd422bc05c0bbff6b72ff61381c09dac7befd8c"},
    {file = "pyasn1-0.4.7-py3.1.egg", hash = "sha256:1321d4b2f051410fe7302bb1619903d30b24ba1451d019c11d242d11b2a35444"},
    {file = "pyasn1-0.4.7-py3.2.egg", hash = "sha256:5a89df3c62688261e27439d5715fd0d3ca6bf7bf1067e2171642e92aff17e817"},
    {file = "pyasn1-0.4.7-py3.3.egg", hash = "sha256:f124185ccc1c1c5e782aa58d46bc28be279673a482334d70de6735d05d8b4b10"},
    {file = "pyasn1-0.4.7-py3.4.egg", hash = "sha256:2860a047f666afd23b197a65f33145313511c368ce919b2d9b1853ffd3e9d32d"},
    {file = "pyasn1-0.4.7-py3.5.egg", hash = "sha256:67a43aec85f4ea96e72a7b22227ba7a45cf03b7297e1a53418be164bbf68335e"},
    {file = "pyasn1-0.4.7-py3.6.egg", hash = "sha256:bcac468e38d16e94fee4c8f76eef1feb9a06a911e93465f2351a4140fa66d303"},
    {file = "pyasn1-0.4.7-py3.7.egg", hash = "sha256:c39d11c72f0e5e71faa35c8c8ef5ee9b810ec99a3c64f05133f1325fe5636bba"},
    {file = "pyasn1-0.4.7.tar.gz", hash = "sha256:a9495356ca1d66ed197a0f72b41eb1823cf7ea8b5bd07191673e8147aecf8604"},
]
pyasn1-modules = [
    {file = "pyasn1-modules-0.2.7.tar.gz", hash = "sha256:0c35a52e00b672f832e5846826f1fb7507907f7d52fba6faa9e3c4cbe874fe4b"},
    {file = "pyasn1_modules-0.2.7-py2.4.egg", hash = "sha256:233f55c840e821e76828262db976ac894b285909d22d060c2bdb522e7bf28cc6"},
    {file = "pyasn1_modules-0.2.7-py2.5.egg", hash = "sha256:9ca5e376a6d9dee35bb3a62608dfa2e6698798aa6b8db3c7afd0eb31af0d63c7"},
    {file = "pyasn1_modules-0.2.7-py2.6.egg", hash = "sha256:27581362b4253b9c999882a64df974124cde12be0bf2c04148a0d68bc6bbb7b8"},
    {file = "pyasn1_modules-0.2.7-py2.7.egg", hash = "sha256:13a6955947d8a554de78fc305a4d651f20fb5580b88612a5f0661d4f189d27ac"},
    {file = "pyasn1_modules-0.2.7-py2.py3-none-any.whl", hash = "sha256:b6ada4f840fe51abf5a6bd545b45bf537bea62221fa0dde2e8a553ed9f06a4e3"},
    {file = "pyasn1_modules-0.2.7-py3.1.egg", hash = "sha256:9b972f81f59d896cebb9ebb1d44296f1acb28bf7869443c37551f4eed8d74f83"},
    {file = "pyasn1_modules-0.2.7-py3.2.egg", hash = "sha256:64f6aecf26e93f6a3ba3725b4eb9f532551747d7a63ca9ff43aef12f4bf11eac"},
    {file = "pyasn1_modules-0.2.7-py3.3.egg", hash = "sha256:33c220a2701032261a23eea6e9881404ac6fc7ff96f183b5353fea8fc8962547"},
    {file = "pyasn1_modules-0.2.7-py3.4.egg", hash = "sha256:24d54188cb7abd750e0a2cba61b7b46a75608175a0c3c1b1eee08322915d8d21"},
    {file = "pyasn1_modules-0.2.7-py3.5.egg", hash = "sha256:7b4edf07ca2f759d7cf693184be09f22e067c2eb52b03c770d0a2e9de1c67dfd"},
    {file = "pyasn1_modules-0.2.7-py3.6.egg", hash = "sha256:eaf35047a0b068e3e0c2a99618b13b65c98c329661daa78c9d44a4ef0fe8139e"},
    {file = "pyasn1_modules-0.2.7-py3.7.egg", hash = "sha256:c14b107a67ee36a7f183ae9f4803ffde4a03b67f3192eab0a62e851af71371d3"},
]
pycparser = [
    {file = "pycparser-2.19.tar.gz", hash = "sha256:a988718abfad80b6b157acce7bf130a30876d27603738ac39f140993246b25b3"},
]
pyjwt = [
    {file = "PyJWT-1.7.1-py2.py3-none-any.whl", hash = "sha256:5c6eca3c2940464d106b99ba83b00c6add741c9becaec087fb7ccdefea71350e"},
    {file = "PyJWT-1.7.1.tar.gz", hash = "sha256:8d59a976fb773f3e6a39c85636357c4f0e242707394cadadd9814f5cbaa20e96"},
]
pyrsistent = [
    {file = "pyrsistent-0.15.4.tar.gz", hash = "sha256:34b47fa169d6006b32e99d4b3c4031f155e6e68ebcc107d6454852e8e0ee6533"},
]
python-dateutil = [
    {file = "python-dateutil-2.8.0.tar.gz", hash = "sha256:c89805f6f4d64db21ed966fda138f8a5ed7a4fdbc1a8ee329ce1b74e3c74da9e"},
    {file = "python_dateutil-2.8.0-py2.py3-none-any.whl", hash = "sha256:7e6584c74aeed623791615e26efd690f29817a27c73085b78e4bad02493df2fb"},
]
pytz = [
    {file = "pytz-2019.3-py2.py3-none-any.whl", hash = "sha256:1c557d7d0e871de1f5ccd5833f60fb2550652da6be2693c1e02300743d21500d"},
    {file = "pytz-2019.3.tar.gz", hash = "sha256:b02c06db6cf09c12dd25137e563b31700d3b80fcc4ad23abb7a315f2789819be"},
]
pyyaml = [
    {file = "PyYAML-5.1.2-cp27-cp27m-win32.whl", hash = "sha256:5124373960b0b3f4aa7df1707e63e9f109b5263eca5976c66e08b1c552d4eaf8"},
    {file = "PyYAML-5.1.2-cp27-cp27m-win_amd64.whl", hash = "sha256:f81025eddd0327c7d4cfe9b62cf33190e1e736cc6e97502b3ec425f574b3e7a8"},
    {file = "PyYAML-5.1.2-cp34-cp34m-win32.whl", hash = "sha256:0113bc0ec2ad727182326b61326afa3d1d8280ae1122493553fd6f4397f33df9"},
    {file = "PyYAML-5.1.2-cp34-cp34m-win_amd64.whl", hash = "sha256:5ca4f10adbddae56d824b2c09668e91219bb178a1eee1faa56af6f99f11bf696"},
    {file = "PyYAML-5.1.2-cp35-cp35m-win32.whl", hash = "sha256:bf47c0607522fdbca6c9e817a6e81b08491de50f3766a7a0e6a5be7905961b41"},
    {file = "PyYAML-5.1.2-cp35-cp35m-win_amd64.whl", hash = "sha256:87ae4c829bb25b9fe99cf71fbb2140c448f534e24c998cc60f39ae4f94396a73"},
    {file = "PyYAML-5.1.2-cp36-cp36m-win32.whl", hash = "sha256:9de9919becc9cc2ff03637872a440195ac4241c80536632fffeb6a1e25a74299"},
    {file = "PyYAML-5.1.2-cp36-cp36m-win_amd64.whl", hash = "sha256:a5a85b10e450c66b49f98846937e8cfca1db3127a9d5d1e31ca45c3d0bef4c5b"},
    {file = "PyYAML-5.1.2-cp37-cp37m-win32.whl", hash = "sha256:b0997827b4f6a7c286c01c5f60384d218dca4ed7d9efa945c3e1aa623d5709ae"},
    {file = "PyYAML-5.1.2-cp37-cp37m-win_amd64.whl", hash = "sha256:7907be34ffa3c5a32b60b95f4d95ea25361c951383a894fec31be7252b2b6f34"},
    {file = "PyYAML-5.1.2-cp38-cp38m-win32.whl", hash = "sha256:7ec9b2a4ed5cad025c2278a1e6a19c011c80a3caaac804fd2d329e9cc2c287c9"},
    {file = "PyYAML-5.1.2-cp38-cp38m-win_amd64.whl", hash = "sha256:b631ef96d3222e62861443cc89d6563ba3eeb816eeb96b2629345ab795e53681"},
    {file = "PyYAML-5.1.2.tar.gz", hash = "sha256:01adf0b6c6f61bd11af6e10ca52b7d4057dd0be0343eb9283c878cf3af56aee4"},
]
requests = [
    {file = "requests-2.22.0-py2.py3-none-any.whl", hash = "sha256:9cf5292fcd0f598c671cfc1e0d7d1a7f13bb8085e9a590f48c010551dc6c4b31"},
    {file = "requests-2.22.0.tar.gz", hash = "sha256:11e007a8a2aa0323f5a921e9e6a2d7e4e67d9877e85773fba9ba6419025cbeb4"},
]
requests-oauthlib = [
    {file = "requests-oauthlib-1.2.0.tar.gz", hash = "sha256:bd6533330e8748e94bf0b214775fed487d309b8b8fe823dc45641ebcd9a32f57"},
    {file = "requests_oauthlib-1.2.0-py2.py3-none-any.whl", hash = "sha256:d3ed0c8f2e3bbc6b344fa63d6f933745ab394469da38db16bdddb461c7e25140"},
    {file = "requests_oauthlib-1.2.0-py3.7.egg", hash = "sha256:dd5a0499abfefd087c6dd96693cbd5bfd28aa009719a7f85ab3fabe3956ef19a"},
]
requests-toolbelt = [
    {file = "requests-toolbelt-0.9.1.tar.gz", hash = "sha256:968089d4584ad4ad7c171454f0a5c6dac23971e9472521ea3b6d49d610aa6fc0"},
    {file = "requests_toolbelt-0.9.1-py2.py3-none-any.whl", hash = "sha256:380606e1d10dc85c3bd47bf5a6095f815ec007be7a8b69c878507068df059e6f"},
]
rsa = [
    {file = "rsa-4.0-py2.py3-none-any.whl", hash = "sha256:14ba45700ff1ec9eeb206a2ce76b32814958a98e372006c8fb76ba820211be66"},
    {file = "rsa-4.0.tar.gz", hash = "sha256:1a836406405730121ae9823e19c6e806c62bbad73f890574fff50efa4122c487"},
]
six = [
    {file = "six-1.12.0-py2.py3-none-any.whl", hash = "sha256:3350809f0555b11f552448330d0b52d5f24c91a322ea4a15ef22629740f3761c"},
    {file = "six-1.12.0.tar.gz", hash = "sha256:d16a0141ec1a18405cd4ce8b4613101da75da0e9a7aec5bdd4fa804d0e0eba73"},
]
tabulate = [
    {file = "tabulate-0.8.3.tar.gz", hash = "sha256:8af07a39377cee1103a5c8b3330a421c2d99b9141e9cc5ddd2e3263fea416943"},
]
urllib3 = [
    {file = "urllib3-1.24.3-py2.py3-none-any.whl", hash = "sha256:a637e5fae88995b256e3409dc4d52c2e2e0ba32c42a6365fee8bbd2238de3cfb"},
    {file = "urllib3-1.24.3.tar.gz", hash = "sha256:2393a695cd12afedd0dcb26fe5d50d0cf248e5a66f75dbd89a3d4eb333a61af4"},
]
websocket-client = [
    {file = "websocket_client-0.56.0-py2.py3-none-any.whl", hash = "sha256:1151d5fb3a62dc129164292e1227655e4bbc5dd5340a5165dfae61128ec50aa9"},
    {file = "websocket_client-0.56.0.tar.gz", hash = "sha256:1fd5520878b68b84b5748bb30e592b10d0a91529d5383f74f4964e72b297fd3a"},
]
wrapt = [
    {file = "wrapt-1.11.2.tar.gz", hash = "sha256:565a021fd19419476b9362b05eeaa094178de64f8361e44468f9e9d7843901e1"},
]
zipp = [
    {file = "zipp-0.6.0-py2.py3-none-any.whl", hash = "sha256:f06903e9f1f43b12d371004b4ac7b06ab39a44adc747266928ae6debfa7b3335"},
    {file = "zipp-0.6.0.tar.gz", hash = "sha256:3718b1cbcd963c7d4c5511a8240812904164b7f381b647143a89d3b98f9bcd8e"},
]
